{
  "name": "tiktokdownloader",
  "version": "1.0.0",
  "lockfileVersion": 3,
  "requires": true,
  "packages": {
    "": {
      "name": "tiktokdownloader",
      "version": "1.0.0",
      "dependencies": {
        "@ffmpeg/ffmpeg": "0.12.2",
        "@ffmpeg/util": "0.12.1",
        "cloudinary": "1.41.3",
        "jszip": "3.10.1",
        "lucide-react": "0.441.0",
        "next": "14.2.5",
        "react": "18.3.1",
        "react-dom": "18.3.1"
      },
      "devDependencies": {
        "@types/node": "22.7.4",
        "@types/react": "18.3.11",
        "@types/react-dom": "18.3.0",
        "autoprefixer": "10.4.20",
        "postcss": "8.4.47",
        "tailwindcss": "3.4.13",
        "typescript": "5.6.2"
      }
    }
  },
  "dependencies": {
    "@ffmpeg/ffmpeg": {
      "version": "0.12.2"
    },
    "@ffmpeg/util": {
      "version": "0.12.1"
    },
    "@swc/helpers": {
      "version": "0.5.5"
    },
    "@types/node": {
      "version": "22.7.4",
      "dev": true
    },
    "@types/react": {
      "version": "18.3.11",
      "dev": true
    },
    "@types/react-dom": {
      "version": "18.3.0",
      "dev": true
    },
    "autoprefixer": {
      "version": "10.4.20",
      "dev": true
    },
    "cloudinary": {
      "version": "1.41.3"
    },
    "jszip": {
      "version": "3.10.1"
    },
    "lucide-react": {
      "version": "0.441.0"
    },
    "next": {
      "version": "14.2.5",
      "requires": {
        "@swc/helpers": "0.5.5"
      }
    },
    "postcss": {
      "version": "8.4.47",
      "dev": true
    },
    "react": {
      "version": "18.3.1",
      "requires": {
        "@types/react": "18.3.11"
      }
    },
    "react-dom": {
      "version": "18.3.1"
    },
    "tailwindcss": {
      "version": "3.4.13",
      "dev": true
    },
    "typescript": {
      "version": "5.6.2",
      "dev": true
    }
  }
}
